
Microsoft Visual Studio Solution File, Format Version 12.00
# Visual Studio Version 16
VisualStudioVersion = 16.0.31025.194
MinimumVisualStudioVersion = 10.0.40219.1
Project("{FAE04EC0-301F-11D3-BF4B-00C04F79EFBC}") = "WA_Challenge", "WA_Challenge\WA_Challenge.csproj", "{389F8187-0773-4C11-B9CA-7ABFC7B56AD2}"
EndProject
Global
	GlobalSection(SolutionConfigurationPlatforms) = preSolution
		Debug|Any CPU = Debug|Any CPU
		Release|Any CPU = Release|Any CPU
	EndGlobalSection
	GlobalSection(ProjectConfigurationPlatforms) = postSolution
		{389F8187-0773-4C11-B9CA-7ABFC7B56AD2}.Debug|Any CPU.ActiveCfg = Debug|Any CPU
		{389F8187-0773-4C11-B9CA-7ABFC7B56AD2}.Debug|Any CPU.Build.0 = Debug|Any CPU
		{389F8187-0773-4C11-B9CA-7ABFC7B56AD2}.Release|Any CPU.ActiveCfg = Release|Any CPU
		{389F8187-0773-4C11-B9CA-7ABFC7B56AD2}.Release|Any CPU.Build.0 = Release|Any CPU
	EndGlobalSection
	GlobalSection(SolutionProperties) = preSolution
		HideSolutionNode = FALSE
	EndGlobalSection
	GlobalSection(ExtensibilityGlobals) = postSolution
		SolutionGuid = {650C5C16-2CD8-4399-BCC9-319B75F235B9}
	EndGlobalSection
EndGlobal
